Microsoft Visual Studio Solution File, Format Version 12.00
# Visual Studio Version 16
VisualStudioVersion = 16.0.28803.352
MinimumVisualStudioVersion = 10.0.40219.1
Project("{FAE04EC0-301F-11D3-BF4B-00C04F79EFBC}") = "AGNSharpBot", "AGNSharpBot\AGNSharpBot.csproj", "{FCB6E46D-A150-4091-A2FE-1A4546837F83}"
	ProjectSection(ProjectDependencies) = postProject
		{5C7F9E5C-B113-4727-80B6-0B825554B298} = {5C7F9E5C-B113-4727-80B6-0B825554B298}
		{27EA6681-2443-4FD7-AA13-23AD46D0DFCE} = {27EA6681-2443-4FD7-AA13-23AD46D0DFCE}
		{6B324E84-21E1-4A31-9F3E-8AFEE18654CA} = {6B324E84-21E1-4A31-9F3E-8AFEE18654CA}
		{79D98CA3-6292-476A-A7E2-47D25C272342} = {79D98CA3-6292-476A-A7E2-47D25C272342}
		{D82E87A6-4617-40E7-89E7-8F76E1DA1889} = {D82E87A6-4617-40E7-89E7-8F76E1DA1889}
		{A32761B9-129A-495A-8BE1-6BA7064ADA72} = {A32761B9-129A-495A-8BE1-6BA7064ADA72}
		{C0F4B4CE-57F7-444E-ACD4-E73C1E20421C} = {C0F4B4CE-57F7-444E-ACD4-E73C1E20421C}
	EndProjectSection
EndProject
Project("{2150E333-8FDC-42A3-9474-1A3956D46DE8}") = "Plugins", "Plugins", "{42CC2C25-EF23-4A17-8F39-44CC276349B8}"
EndProject
Project("{FAE04EC0-301F-11D3-BF4B-00C04F79EFBC}") = "Responses", "Plugins\Responses\Responses.csproj", "{27EA6681-2443-4FD7-AA13-23AD46D0DFCE}"
EndProject
Project("{FAE04EC0-301F-11D3-BF4B-00C04F79EFBC}") = "GlobalLogger", "GlobalLogger\GlobalLogger.csproj", "{FC26BC37-D892-4531-ABE2-C3F65CCDC4FB}"
EndProject
Project("{2150E333-8FDC-42A3-9474-1A3956D46DE8}") = "Logger", "Logger", "{18D1145F-FF2B-4EF0-A419-570026659610}"
EndProject
Project("{2150E333-8FDC-42A3-9474-1A3956D46DE8}") = "Binaries", "Binaries", "{29CBB1BF-CE46-4FDF-9957-7C92FC303E44}"
EndProject
Project("{FAE04EC0-301F-11D3-BF4B-00C04F79EFBC}") = "SpotifyStats", "Plugins\SpotifyStats\SpotifyStats.csproj", "{A32761B9-129A-495A-8BE1-6BA7064ADA72}"
EndProject
Project("{FAE04EC0-301F-11D3-BF4B-00C04F79EFBC}") = "CommandHandler", "CommandHandler\CommandHandler.csproj", "{A945612B-37AC-4E68-86BB-2797D2CC3DD7}"
EndProject
Project("{FAE04EC0-301F-11D3-BF4B-00C04F79EFBC}") = "DiscordMenu", "DiscordMenu\DiscordMenu.csproj", "{C0F4B4CE-57F7-444E-ACD4-E73C1E20421C}"
EndProject
Project("{2150E333-8FDC-42A3-9474-1A3956D46DE8}") = "Dependencies", "Dependencies", "{15E02852-F438-42CD-A860-1A9F2BDC968C}"
EndProject
Project("{FAE04EC0-301F-11D3-BF4B-00C04F79EFBC}") = "PermissionHandler", "PermissionHandler\PermissionHandler.csproj", "{79D98CA3-6292-476A-A7E2-47D25C272342}"
EndProject
Project("{FAE04EC0-301F-11D3-BF4B-00C04F79EFBC}") = "InternalDatabase", "InternalDatabase\InternalDatabase.csproj", "{14A4D566-2A4D-4E44-A0CF-318558867A57}"
EndProject
Project("{FAE04EC0-301F-11D3-BF4B-00C04F79EFBC}") = "GameWatcher", "Plugins\GameWatcher\GameWatcher.csproj", "{D82E87A6-4617-40E7-89E7-8F76E1DA1889}"
EndProject
Project("{FAE04EC0-301F-11D3-BF4B-00C04F79EFBC}") = "GameUpdateNotifier", "Plugins\GameUpdateNotifier\GameUpdateNotifier.csproj", "{6B324E84-21E1-4A31-9F3E-8AFEE18654CA}"
EndProject
Project("{FAE04EC0-301F-11D3-BF4B-00C04F79EFBC}") = "Auditor", "Plugins\Auditer\Auditor.csproj", "{5C7F9E5C-B113-4727-80B6-0B825554B298}"
EndProject
Project("{FAE04EC0-301F-11D3-BF4B-00C04F79EFBC}") = "PluginManager", "Plugins\PluginManager\PluginManager.csproj", "{405F6757-6CC0-4E7E-9E11-28C7113BE03E}"
EndProject
Project("{FAE04EC0-301F-11D3-BF4B-00C04F79EFBC}") = "HomeLabReporting", "Plugins\HomeLabReporting\HomeLabReporting.csproj", "{BD880FF8-F240-4071-BCF4-7FA0DA3EB230}"
EndProject
Global
	GlobalSection(SolutionConfigurationPlatforms) = preSolution
		Debug|Any CPU = Debug|Any CPU
		Debug|x64 = Debug|x64
		Debug|x86 = Debug|x86
		Release|Any CPU = Release|Any CPU
		Release|x64 = Release|x64
		Release|x86 = Release|x86
	EndGlobalSection
	GlobalSection(ProjectConfigurationPlatforms) = postSolution
		{FCB6E46D-A150-4091-A2FE-1A4546837F83}.Debug|Any CPU.ActiveCfg = Debug|Any CPU
		{FCB6E46D-A150-4091-A2FE-1A4546837F83}.Debug|Any CPU.Build.0 = Debug|Any CPU
		{FCB6E46D-A150-4091-A2FE-1A4546837F83}.Debug|x64.ActiveCfg = Debug|Any CPU
		{FCB6E46D-A150-4091-A2FE-1A4546837F83}.Debug|x64.Build.0 = Debug|Any CPU
		{FCB6E46D-A150-4091-A2FE-1A4546837F83}.Debug|x86.ActiveCfg = Debug|Any CPU
		{FCB6E46D-A150-4091-A2FE-1A4546837F83}.Debug|x86.Build.0 = Debug|Any CPU
		{FCB6E46D-A150-4091-A2FE-1A4546837F83}.Release|Any CPU.ActiveCfg = Release|Any CPU
		{FCB6E46D-A150-4091-A2FE-1A4546837F83}.Release|Any CPU.Build.0 = Release|Any CPU
		{FCB6E46D-A150-4091-A2FE-1A4546837F83}.Release|x64.ActiveCfg = Release|Any CPU
		{FCB6E46D-A150-4091-A2FE-1A4546837F83}.Release|x64.Build.0 = Release|Any CPU
		{FCB6E46D-A150-4091-A2FE-1A4546837F83}.Release|x86.ActiveCfg = Release|Any CPU
		{FCB6E46D-A150-4091-A2FE-1A4546837F83}.Release|x86.Build.0 = Release|Any CPU
		{27EA6681-2443-4FD7-AA13-23AD46D0DFCE}.Debug|Any CPU.ActiveCfg = Debug|Any CPU
		{27EA6681-2443-4FD7-AA13-23AD46D0DFCE}.Debug|Any CPU.Build.0 = Debug|Any CPU
		{27EA6681-2443-4FD7-AA13-23AD46D0DFCE}.Debug|x64.ActiveCfg = Debug|Any CPU
		{27EA6681-2443-4FD7-AA13-23AD46D0DFCE}.Debug|x64.Build.0 = Debug|Any CPU
		{27EA6681-2443-4FD7-AA13-23AD46D0DFCE}.Debug|x86.ActiveCfg = Debug|Any CPU
		{27EA6681-2443-4FD7-AA13-23AD46D0DFCE}.Debug|x86.Build.0 = Debug|Any CPU
		{27EA6681-2443-4FD7-AA13-23AD46D0DFCE}.Release|Any CPU.ActiveCfg = Release|Any CPU
		{27EA6681-2443-4FD7-AA13-23AD46D0DFCE}.Release|Any CPU.Build.0 = Release|Any CPU
		{27EA6681-2443-4FD7-AA13-23AD46D0DFCE}.Release|x64.ActiveCfg = Release|Any CPU
		{27EA6681-2443-4FD7-AA13-23AD46D0DFCE}.Release|x64.Build.0 = Release|Any CPU
		{27EA6681-2443-4FD7-AA13-23AD46D0DFCE}.Release|x86.ActiveCfg = Release|Any CPU
		{27EA6681-2443-4FD7-AA13-23AD46D0DFCE}.Release|x86.Build.0 = Release|Any CPU
		{FC26BC37-D892-4531-ABE2-C3F65CCDC4FB}.Debug|Any CPU.ActiveCfg = Debug|Any CPU
		{FC26BC37-D892-4531-ABE2-C3F65CCDC4FB}.Debug|Any CPU.Build.0 = Debug|Any CPU
		{FC26BC37-D892-4531-ABE2-C3F65CCDC4FB}.Debug|x64.ActiveCfg = Debug|Any CPU
		{FC26BC37-D892-4531-ABE2-C3F65CCDC4FB}.Debug|x64.Build.0 = Debug|Any CPU
		{FC26BC37-D892-4531-ABE2-C3F65CCDC4FB}.Debug|x86.ActiveCfg = Debug|Any CPU
		{FC26BC37-D892-4531-ABE2-C3F65CCDC4FB}.Debug|x86.Build.0 = Debug|Any CPU
		{FC26BC37-D892-4531-ABE2-C3F65CCDC4FB}.Release|Any CPU.ActiveCfg = Release|Any CPU
		{FC26BC37-D892-4531-ABE2-C3F65CCDC4FB}.Release|Any CPU.Build.0 = Release|Any CPU
		{FC26BC37-D892-4531-ABE2-C3F65CCDC4FB}.Release|x64.ActiveCfg = Release|Any CPU
		{FC26BC37-D892-4531-ABE2-C3F65CCDC4FB}.Release|x64.Build.0 = Release|Any CPU
		{FC26BC37-D892-4531-ABE2-C3F65CCDC4FB}.Release|x86.ActiveCfg = Release|Any CPU
		{FC26BC37-D892-4531-ABE2-C3F65CCDC4FB}.Release|x86.Build.0 = Release|Any CPU
		{A32761B9-129A-495A-8BE1-6BA7064ADA72}.Debug|Any CPU.ActiveCfg = Debug|Any CPU
		{A32761B9-129A-495A-8BE1-6BA7064ADA72}.Debug|Any CPU.Build.0 = Debug|Any CPU
		{A32761B9-129A-495A-8BE1-6BA7064ADA72}.Debug|x64.ActiveCfg = Debug|Any CPU
		{A32761B9-129A-495A-8BE1-6BA7064ADA72}.Debug|x64.Build.0 = Debug|Any CPU
		{A32761B9-129A-495A-8BE1-6BA7064ADA72}.Debug|x86.ActiveCfg = Debug|Any CPU
		{A32761B9-129A-495A-8BE1-6BA7064ADA72}.Debug|x86.Build.0 = Debug|Any CPU
		{A32761B9-129A-495A-8BE1-6BA7064ADA72}.Release|Any CPU.ActiveCfg = Release|Any CPU
		{A32761B9-129A-495A-8BE1-6BA7064ADA72}.Release|Any CPU.Build.0 = Release|Any CPU
		{A32761B9-129A-495A-8BE1-6BA7064ADA72}.Release|x64.ActiveCfg = Release|Any CPU
		{A32761B9-129A-495A-8BE1-6BA7064ADA72}.Release|x64.Build.0 = Release|Any CPU
		{A32761B9-129A-495A-8BE1-6BA7064ADA72}.Release|x86.ActiveCfg = Release|Any CPU
		{A32761B9-129A-495A-8BE1-6BA7064ADA72}.Release|x86.Build.0 = Release|Any CPU
		{A945612B-37AC-4E68-86BB-2797D2CC3DD7}.Debug|Any CPU.ActiveCfg = Debug|Any CPU
		{A945612B-37AC-4E68-86BB-2797D2CC3DD7}.Debug|Any CPU.Build.0 = Debug|Any CPU
		{A945612B-37AC-4E68-86BB-2797D2CC3DD7}.Debug|x64.ActiveCfg = Debug|Any CPU
		{A945612B-37AC-4E68-86BB-2797D2CC3DD7}.Debug|x64.Build.0 = Debug|Any CPU
		{A945612B-37AC-4E68-86BB-2797D2CC3DD7}.Debug|x86.ActiveCfg = Debug|Any CPU
		{A945612B-37AC-4E68-86BB-2797D2CC3DD7}.Debug|x86.Build.0 = Debug|Any CPU
		{A945612B-37AC-4E68-86BB-2797D2CC3DD7}.Release|Any CPU.ActiveCfg = Release|Any CPU
		{A945612B-37AC-4E68-86BB-2797D2CC3DD7}.Release|Any CPU.Build.0 = Release|Any CPU
		{A945612B-37AC-4E68-86BB-2797D2CC3DD7}.Release|x64.ActiveCfg = Release|Any CPU
		{A945612B-37AC-4E68-86BB-2797D2CC3DD7}.Release|x64.Build.0 = Release|Any CPU
		{A945612B-37AC-4E68-86BB-2797D2CC3DD7}.Release|x86.ActiveCfg = Release|Any CPU
		{A945612B-37AC-4E68-86BB-2797D2CC3DD7}.Release|x86.Build.0 = Release|Any CPU
		{C0F4B4CE-57F7-444E-ACD4-E73C1E20421C}.Debug|Any CPU.ActiveCfg = Debug|Any CPU
		{C0F4B4CE-57F7-444E-ACD4-E73C1E20421C}.Debug|Any CPU.Build.0 = Debug|Any CPU
		{C0F4B4CE-57F7-444E-ACD4-E73C1E20421C}.Debug|x64.ActiveCfg = Debug|Any CPU
		{C0F4B4CE-57F7-444E-ACD4-E73C1E20421C}.Debug|x64.Build.0 = Debug|Any CPU
		{C0F4B4CE-57F7-444E-ACD4-E73C1E20421C}.Debug|x86.ActiveCfg = Debug|Any CPU
		{C0F4B4CE-57F7-444E-ACD4-E73C1E20421C}.Debug|x86.Build.0 = Debug|Any CPU
		{C0F4B4CE-57F7-444E-ACD4-E73C1E20421C}.Release|Any CPU.ActiveCfg = Release|Any CPU
		{C0F4B4CE-57F7-444E-ACD4-E73C1E20421C}.Release|Any CPU.Build.0 = Release|Any CPU
		{C0F4B4CE-57F7-444E-ACD4-E73C1E20421C}.Release|x64.ActiveCfg = Release|Any CPU
		{C0F4B4CE-57F7-444E-ACD4-E73C1E20421C}.Release|x64.Build.0 = Release|Any CPU
		{C0F4B4CE-57F7-444E-ACD4-E73C1E20421C}.Release|x86.ActiveCfg = Release|Any CPU
		{C0F4B4CE-57F7-444E-ACD4-E73C1E20421C}.Release|x86.Build.0 = Release|Any CPU
		{79D98CA3-6292-476A-A7E2-47D25C272342}.Debug|Any CPU.ActiveCfg = Debug|Any CPU
		{79D98CA3-6292-476A-A7E2-47D25C272342}.Debug|Any CPU.Build.0 = Debug|Any CPU
		{79D98CA3-6292-476A-A7E2-47D25C272342}.Debug|x64.ActiveCfg = Debug|Any CPU
		{79D98CA3-6292-476A-A7E2-47D25C272342}.Debug|x64.Build.0 = Debug|Any CPU
		{79D98CA3-6292-476A-A7E2-47D25C272342}.Debug|x86.ActiveCfg = Debug|Any CPU
		{79D98CA3-6292-476A-A7E2-47D25C272342}.Debug|x86.Build.0 = Debug|Any CPU
		{79D98CA3-6292-476A-A7E2-47D25C272342}.Release|Any CPU.ActiveCfg = Release|Any CPU
		{79D98CA3-6292-476A-A7E2-47D25C272342}.Release|Any CPU.Build.0 = Release|Any CPU
		{79D98CA3-6292-476A-A7E2-47D25C272342}.Release|x64.ActiveCfg = Release|Any CPU
		{79D98CA3-6292-476A-A7E2-47D25C272342}.Release|x64.Build.0 = Release|Any CPU
		{79D98CA3-6292-476A-A7E2-47D25C272342}.Release|x86.ActiveCfg = Release|Any CPU
		{79D98CA3-6292-476A-A7E2-47D25C272342}.Release|x86.Build.0 = Release|Any CPU
		{14A4D566-2A4D-4E44-A0CF-318558867A57}.Debug|Any CPU.ActiveCfg = Debug|Any CPU
		{14A4D566-2A4D-4E44-A0CF-318558867A57}.Debug|Any CPU.Build.0 = Debug|Any CPU
		{14A4D566-2A4D-4E44-A0CF-318558867A57}.Debug|x64.ActiveCfg = Debug|Any CPU
		{14A4D566-2A4D-4E44-A0CF-318558867A57}.Debug|x64.Build.0 = Debug|Any CPU
		{14A4D566-2A4D-4E44-A0CF-318558867A57}.Debug|x86.ActiveCfg = Debug|Any CPU
		{14A4D566-2A4D-4E44-A0CF-318558867A57}.Debug|x86.Build.0 = Debug|Any CPU
		{14A4D566-2A4D-4E44-A0CF-318558867A57}.Release|Any CPU.ActiveCfg = Release|Any CPU
		{14A4D566-2A4D-4E44-A0CF-318558867A57}.Release|Any CPU.Build.0 = Release|Any CPU
		{14A4D566-2A4D-4E44-A0CF-318558867A57}.Release|x64.ActiveCfg = Release|Any CPU
		{14A4D566-2A4D-4E44-A0CF-318558867A57}.Release|x64.Build.0 = Release|Any CPU
		{14A4D566-2A4D-4E44-A0CF-318558867A57}.Release|x86.ActiveCfg = Release|Any CPU
		{14A4D566-2A4D-4E44-A0CF-318558867A57}.Release|x86.Build.0 = Release|Any CPU
		{D82E87A6-4617-40E7-89E7-8F76E1DA1889}.Debug|Any CPU.ActiveCfg = Debug|Any CPU
		{D82E87A6-4617-40E7-89E7-8F76E1DA1889}.Debug|Any CPU.Build.0 = Debug|Any CPU
		{D82E87A6-4617-40E7-89E7-8F76E1DA1889}.Debug|x64.ActiveCfg = Debug|Any CPU
		{D82E87A6-4617-40E7-89E7-8F76E1DA1889}.Debug|x64.Build.0 = Debug|Any CPU
		{D82E87A6-4617-40E7-89E7-8F76E1DA1889}.Debug|x86.ActiveCfg = Debug|Any CPU
		{D82E87A6-4617-40E7-89E7-8F76E1DA1889}.Debug|x86.Build.0 = Debug|Any CPU
		{D82E87A6-4617-40E7-89E7-8F76E1DA1889}.Release|Any CPU.ActiveCfg = Release|Any CPU
		{D82E87A6-4617-40E7-89E7-8F76E1DA1889}.Release|Any CPU.Build.0 = Release|Any CPU
		{D82E87A6-4617-40E7-89E7-8F76E1DA1889}.Release|x64.ActiveCfg = Release|Any CPU
		{D82E87A6-4617-40E7-89E7-8F76E1DA1889}.Release|x64.Build.0 = Release|Any CPU
		{D82E87A6-4617-40E7-89E7-8F76E1DA1889}.Release|x86.ActiveCfg = Release|Any CPU
		{D82E87A6-4617-40E7-89E7-8F76E1DA1889}.Release|x86.Build.0 = Release|Any CPU
		{6B324E84-21E1-4A31-9F3E-8AFEE18654CA}.Debug|Any CPU.ActiveCfg = Debug|Any CPU
		{6B324E84-21E1-4A31-9F3E-8AFEE18654CA}.Debug|Any CPU.Build.0 = Debug|Any CPU
		{6B324E84-21E1-4A31-9F3E-8AFEE18654CA}.Debug|x64.ActiveCfg = Debug|Any CPU
		{6B324E84-21E1-4A31-9F3E-8AFEE18654CA}.Debug|x64.Build.0 = Debug|Any CPU
		{6B324E84-21E1-4A31-9F3E-8AFEE18654CA}.Debug|x86.ActiveCfg = Debug|Any CPU
		{6B324E84-21E1-4A31-9F3E-8AFEE18654CA}.Debug|x86.Build.0 = Debug|Any CPU
		{6B324E84-21E1-4A31-9F3E-8AFEE18654CA}.Release|Any CPU.ActiveCfg = Release|Any CPU
		{6B324E84-21E1-4A31-9F3E-8AFEE18654CA}.Release|Any CPU.Build.0 = Release|Any CPU
		{6B324E84-21E1-4A31-9F3E-8AFEE18654CA}.Release|x64.ActiveCfg = Release|Any CPU
		{6B324E84-21E1-4A31-9F3E-8AFEE18654CA}.Release|x64.Build.0 = Release|Any CPU
		{6B324E84-21E1-4A31-9F3E-8AFEE18654CA}.Release|x86.ActiveCfg = Release|Any CPU
		{6B324E84-21E1-4A31-9F3E-8AFEE18654CA}.Release|x86.Build.0 = Release|Any CPU
		{5C7F9E5C-B113-4727-80B6-0B825554B298}.Debug|Any CPU.ActiveCfg = Debug|Any CPU
		{5C7F9E5C-B113-4727-80B6-0B825554B298}.Debug|Any CPU.Build.0 = Debug|Any CPU
		{5C7F9E5C-B113-4727-80B6-0B825554B298}.Debug|x64.ActiveCfg = Debug|Any CPU
		{5C7F9E5C-B113-4727-80B6-0B825554B298}.Debug|x64.Build.0 = Debug|Any CPU
		{5C7F9E5C-B113-4727-80B6-0B825554B298}.Debug|x86.ActiveCfg = Debug|Any CPU
		{5C7F9E5C-B113-4727-80B6-0B825554B298}.Debug|x86.Build.0 = Debug|Any CPU
		{5C7F9E5C-B113-4727-80B6-0B825554B298}.Release|Any CPU.ActiveCfg = Release|Any CPU
		{5C7F9E5C-B113-4727-80B6-0B825554B298}.Release|Any CPU.Build.0 = Release|Any CPU
		{5C7F9E5C-B113-4727-80B6-0B825554B298}.Release|x64.ActiveCfg = Release|Any CPU
		{5C7F9E5C-B113-4727-80B6-0B825554B298}.Release|x64.Build.0 = Release|Any CPU
		{5C7F9E5C-B113-4727-80B6-0B825554B298}.Release|x86.ActiveCfg = Release|Any CPU
		{5C7F9E5C-B113-4727-80B6-0B825554B298}.Release|x86.Build.0 = Release|Any CPU
		{405F6757-6CC0-4E7E-9E11-28C7113BE03E}.Debug|Any CPU.ActiveCfg = Debug|Any CPU
		{405F6757-6CC0-4E7E-9E11-28C7113BE03E}.Debug|Any CPU.Build.0 = Debug|Any CPU
		{405F6757-6CC0-4E7E-9E11-28C7113BE03E}.Debug|x64.ActiveCfg = Debug|Any CPU
		{405F6757-6CC0-4E7E-9E11-28C7113BE03E}.Debug|x64.Build.0 = Debug|Any CPU
		{405F6757-6CC0-4E7E-9E11-28C7113BE03E}.Debug|x86.ActiveCfg = Debug|Any CPU
		{405F6757-6CC0-4E7E-9E11-28C7113BE03E}.Debug|x86.Build.0 = Debug|Any CPU
		{405F6757-6CC0-4E7E-9E11-28C7113BE03E}.Release|Any CPU.ActiveCfg = Release|Any CPU
		{405F6757-6CC0-4E7E-9E11-28C7113BE03E}.Release|Any CPU.Build.0 = Release|Any CPU
		{405F6757-6CC0-4E7E-9E11-28C7113BE03E}.Release|x64.ActiveCfg = Release|Any CPU
		{405F6757-6CC0-4E7E-9E11-28C7113BE03E}.Release|x64.Build.0 = Release|Any CPU
		{405F6757-6CC0-4E7E-9E11-28C7113BE03E}.Release|x86.ActiveCfg = Release|Any CPU
		{405F6757-6CC0-4E7E-9E11-28C7113BE03E}.Release|x86.Build.0 = Release|Any CPU
		{BD880FF8-F240-4071-BCF4-7FA0DA3EB230}.Debug|Any CPU.ActiveCfg = Debug|Any CPU
		{BD880FF8-F240-4071-BCF4-7FA0DA3EB230}.Debug|Any CPU.Build.0 = Debug|Any CPU
		{BD880FF8-F240-4071-BCF4-7FA0DA3EB230}.Debug|x64.ActiveCfg = Debug|Any CPU
		{BD880FF8-F240-4071-BCF4-7FA0DA3EB230}.Debug|x64.Build.0 = Debug|Any CPU
		{BD880FF8-F240-4071-BCF4-7FA0DA3EB230}.Debug|x86.ActiveCfg = Debug|Any CPU
		{BD880FF8-F240-4071-BCF4-7FA0DA3EB230}.Debug|x86.Build.0 = Debug|Any CPU
		{BD880FF8-F240-4071-BCF4-7FA0DA3EB230}.Release|Any CPU.ActiveCfg = Release|Any CPU
		{BD880FF8-F240-4071-BCF4-7FA0DA3EB230}.Release|Any CPU.Build.0 = Release|Any CPU
		{BD880FF8-F240-4071-BCF4-7FA0DA3EB230}.Release|x64.ActiveCfg = Release|Any CPU
		{BD880FF8-F240-4071-BCF4-7FA0DA3EB230}.Release|x64.Build.0 = Release|Any CPU
		{BD880FF8-F240-4071-BCF4-7FA0DA3EB230}.Release|x86.ActiveCfg = Release|Any CPU
		{BD880FF8-F240-4071-BCF4-7FA0DA3EB230}.Release|x86.Build.0 = Release|Any CPU
	EndGlobalSection
	GlobalSection(SolutionProperties) = preSolution
		HideSolutionNode = FALSE
	EndGlobalSection
	GlobalSection(NestedProjects) = preSolution
		{27EA6681-2443-4FD7-AA13-23AD46D0DFCE} = {29CBB1BF-CE46-4FDF-9957-7C92FC303E44}
		{FC26BC37-D892-4531-ABE2-C3F65CCDC4FB} = {18D1145F-FF2B-4EF0-A419-570026659610}
		{29CBB1BF-CE46-4FDF-9957-7C92FC303E44} = {42CC2C25-EF23-4A17-8F39-44CC276349B8}
		{A32761B9-129A-495A-8BE1-6BA7064ADA72} = {29CBB1BF-CE46-4FDF-9957-7C92FC303E44}
		{A945612B-37AC-4E68-86BB-2797D2CC3DD7} = {15E02852-F438-42CD-A860-1A9F2BDC968C}
		{C0F4B4CE-57F7-444E-ACD4-E73C1E20421C} = {15E02852-F438-42CD-A860-1A9F2BDC968C}
		{79D98CA3-6292-476A-A7E2-47D25C272342} = {15E02852-F438-42CD-A860-1A9F2BDC968C}
		{14A4D566-2A4D-4E44-A0CF-318558867A57} = {15E02852-F438-42CD-A860-1A9F2BDC968C}
		{D82E87A6-4617-40E7-89E7-8F76E1DA1889} = {29CBB1BF-CE46-4FDF-9957-7C92FC303E44}
		{6B324E84-21E1-4A31-9F3E-8AFEE18654CA} = {29CBB1BF-CE46-4FDF-9957-7C92FC303E44}
		{5C7F9E5C-B113-4727-80B6-0B825554B298} = {29CBB1BF-CE46-4FDF-9957-7C92FC303E44}
		{405F6757-6CC0-4E7E-9E11-28C7113BE03E} = {42CC2C25-EF23-4A17-8F39-44CC276349B8}
		{BD880FF8-F240-4071-BCF4-7FA0DA3EB230} = {29CBB1BF-CE46-4FDF-9957-7C92FC303E44}
	EndGlobalSection
	GlobalSection(ExtensibilityGlobals) = postSolution
		SolutionGuid = {D2404771-EEC8-45F2-9D71-F3373F6C1495}
	EndGlobalSection
	GlobalSection(CodealikeProperties) = postSolution
		SolutionGuid = a45217b4-a401-4dbf-8654-34d2ec034cd9
	EndGlobalSection
	GlobalSection(CodealikeProperties) = postSolution
		SolutionGuid = a45217b4-a401-4dbf-8654-34d2ec034cd9
	EndGlobalSection
EndGlobal
