Microsoft Visual Studio Solution File, Format Version 12.00
# Visual Studio 15
VisualStudioVersion = 15.0.27004.2009
MinimumVisualStudioVersion = 10.0.40219.1
Project("{FAE04EC0-301F-11D3-BF4B-00C04F79EFBC}") = "AGNSharpBot", "AGNSharpBot\AGNSharpBot.csproj", "{FCB6E46D-A150-4091-A2FE-1A4546837F83}"
	ProjectSection(ProjectDependencies) = postProject
		{6A326E3F-3663-4510-B2A1-1DDA2F7E6395} = {6A326E3F-3663-4510-B2A1-1DDA2F7E6395}
		{27EA6681-2443-4FD7-AA13-23AD46D0DFCE} = {27EA6681-2443-4FD7-AA13-23AD46D0DFCE}
		{A32761B9-129A-495A-8BE1-6BA7064ADA72} = {A32761B9-129A-495A-8BE1-6BA7064ADA72}
		{67B324CC-AB8E-466F-AFCD-F11A709DEFDE} = {67B324CC-AB8E-466F-AFCD-F11A709DEFDE}
		{C0F4B4CE-57F7-444E-ACD4-E73C1E20421C} = {C0F4B4CE-57F7-444E-ACD4-E73C1E20421C}
		{BD880FF8-F240-4071-BCF4-7FA0DA3EB230} = {BD880FF8-F240-4071-BCF4-7FA0DA3EB230}
	EndProjectSection
EndProject
Project("{2150E333-8FDC-42A3-9474-1A3956D46DE8}") = "Plugins", "Plugins", "{42CC2C25-EF23-4A17-8F39-44CC276349B8}"
EndProject
Project("{FAE04EC0-301F-11D3-BF4B-00C04F79EFBC}") = "Responses", "Plugins\Responses\Responses.csproj", "{27EA6681-2443-4FD7-AA13-23AD46D0DFCE}"
EndProject
Project("{FAE04EC0-301F-11D3-BF4B-00C04F79EFBC}") = "PluginInterface", "Plugins\PluginInterface\PluginInterface.csproj", "{827B77A9-20F8-4C61-A76A-51198FEAB3D7}"
EndProject
Project("{FAE04EC0-301F-11D3-BF4B-00C04F79EFBC}") = "GlobalLogger", "GlobalLogger\GlobalLogger.csproj", "{FC26BC37-D892-4531-ABE2-C3F65CCDC4FB}"
EndProject
Project("{FAE04EC0-301F-11D3-BF4B-00C04F79EFBC}") = "HomeLabReporting", "Plugins\HomeLabReporting\HomeLabReporting.csproj", "{BD880FF8-F240-4071-BCF4-7FA0DA3EB230}"
EndProject
Project("{FAE04EC0-301F-11D3-BF4B-00C04F79EFBC}") = "GameToRole", "Plugins\GameToRole\GameToRole.csproj", "{6A326E3F-3663-4510-B2A1-1DDA2F7E6395}"
EndProject
Project("{2150E333-8FDC-42A3-9474-1A3956D46DE8}") = "Logger", "Logger", "{18D1145F-FF2B-4EF0-A419-570026659610}"
EndProject
Project("{2150E333-8FDC-42A3-9474-1A3956D46DE8}") = "Interface", "Interface", "{88F29292-C7C7-476B-86A5-4F3D73BD59EF}"
EndProject
Project("{2150E333-8FDC-42A3-9474-1A3956D46DE8}") = "Binaries", "Binaries", "{29CBB1BF-CE46-4FDF-9957-7C92FC303E44}"
EndProject
Project("{FAE04EC0-301F-11D3-BF4B-00C04F79EFBC}") = "SpotifyStats", "Plugins\SpotifyStats\SpotifyStats.csproj", "{A32761B9-129A-495A-8BE1-6BA7064ADA72}"
EndProject
Project("{FAE04EC0-301F-11D3-BF4B-00C04F79EFBC}") = "JoinQuitLogger", "Plugins\JoinQuitLogger\JoinQuitLogger.csproj", "{67B324CC-AB8E-466F-AFCD-F11A709DEFDE}"
EndProject
Project("{FAE04EC0-301F-11D3-BF4B-00C04F79EFBC}") = "CommandHandler", "CommandHandler\CommandHandler.csproj", "{A945612B-37AC-4E68-86BB-2797D2CC3DD7}"
EndProject
Project("{FAE04EC0-301F-11D3-BF4B-00C04F79EFBC}") = "DiscordMenu", "DiscordMenu\DiscordMenu.csproj", "{C0F4B4CE-57F7-444E-ACD4-E73C1E20421C}"
EndProject
Project("{2150E333-8FDC-42A3-9474-1A3956D46DE8}") = "DIscord", "DIscord", "{73F183B5-8051-48C0-BEFB-270E23957A05}"
EndProject
Project("{9A19103F-16F7-4668-BE54-9A1E7A4F7556}") = "Discord.Net.Core", "..\..\..\Documents\GitHub\Discord.Net\src\Discord.Net.Core\Discord.Net.Core.csproj", "{91E9E7BD-75C9-4E98-84AA-2C271922E5C2}"
EndProject
Project("{2150E333-8FDC-42A3-9474-1A3956D46DE8}") = "Impls", "Impls", "{288C363D-A636-4EAE-9AC1-4698B641B26E}"
EndProject
Project("{9A19103F-16F7-4668-BE54-9A1E7A4F7556}") = "Discord.Net.Rest", "..\..\..\Documents\GitHub\Discord.Net\src\Discord.Net.Rest\Discord.Net.Rest.csproj", "{98F3996E-7798-407F-9F7E-FF67B82F6D0D}"
EndProject
Project("{9A19103F-16F7-4668-BE54-9A1E7A4F7556}") = "Discord.Net.Commands", "..\..\..\Documents\GitHub\Discord.Net\src\Discord.Net.Commands\Discord.Net.Commands.csproj", "{6CB2A33F-FEF9-4254-9DA5-54FE2A7B6F54}"
EndProject
Project("{9A19103F-16F7-4668-BE54-9A1E7A4F7556}") = "Discord.Net.WebSocket", "..\..\..\Documents\GitHub\Discord.Net\src\Discord.Net.WebSocket\Discord.Net.WebSocket.csproj", "{04429829-437D-43D4-AAEB-27A2C0FEE93B}"
EndProject
Project("{2150E333-8FDC-42A3-9474-1A3956D46DE8}") = "Extensions", "Extensions", "{CC3D4B1C-9DE0-448B-8AE7-F3F1F3EC5C3A}"
EndProject
Project("{9A19103F-16F7-4668-BE54-9A1E7A4F7556}") = "Discord.Net.Webhook", "..\..\..\Documents\GitHub\Discord.Net\src\Discord.Net.Webhook\Discord.Net.Webhook.csproj", "{9AFAB80E-D2D3-4EDB-B58C-BACA78D1EA30}"
EndProject
Project("{2150E333-8FDC-42A3-9474-1A3956D46DE8}") = "Samples", "Samples", "{BB59D5B5-E7B0-4BF4-8F82-D14431B2799B}"
EndProject
Project("{9A19103F-16F7-4668-BE54-9A1E7A4F7556}") = "01_basic_ping_bot", "..\..\..\Documents\GitHub\Discord.Net\samples\01_basic_ping_bot\01_basic_ping_bot.csproj", "{F2FF84FB-F6AD-47E5-9EE5-18206CAE136E}"
EndProject
Project("{9A19103F-16F7-4668-BE54-9A1E7A4F7556}") = "02_commands_framework", "..\..\..\Documents\GitHub\Discord.Net\samples\02_commands_framework\02_commands_framework.csproj", "{4E1F1F40-B1DD-40C9-A4B1-A2046A4C9C76}"
EndProject
Global
	GlobalSection(SolutionConfigurationPlatforms) = preSolution
		Debug|Any CPU = Debug|Any CPU
		Debug|x64 = Debug|x64
		Debug|x86 = Debug|x86
		Release|Any CPU = Release|Any CPU
		Release|x64 = Release|x64
		Release|x86 = Release|x86
	EndGlobalSection
	GlobalSection(ProjectConfigurationPlatforms) = postSolution
		{FCB6E46D-A150-4091-A2FE-1A4546837F83}.Debug|Any CPU.ActiveCfg = Debug|Any CPU
		{FCB6E46D-A150-4091-A2FE-1A4546837F83}.Debug|Any CPU.Build.0 = Debug|Any CPU
		{FCB6E46D-A150-4091-A2FE-1A4546837F83}.Debug|x64.ActiveCfg = Debug|Any CPU
		{FCB6E46D-A150-4091-A2FE-1A4546837F83}.Debug|x64.Build.0 = Debug|Any CPU
		{FCB6E46D-A150-4091-A2FE-1A4546837F83}.Debug|x86.ActiveCfg = Debug|Any CPU
		{FCB6E46D-A150-4091-A2FE-1A4546837F83}.Debug|x86.Build.0 = Debug|Any CPU
		{FCB6E46D-A150-4091-A2FE-1A4546837F83}.Release|Any CPU.ActiveCfg = Release|Any CPU
		{FCB6E46D-A150-4091-A2FE-1A4546837F83}.Release|Any CPU.Build.0 = Release|Any CPU
		{FCB6E46D-A150-4091-A2FE-1A4546837F83}.Release|x64.ActiveCfg = Release|Any CPU
		{FCB6E46D-A150-4091-A2FE-1A4546837F83}.Release|x64.Build.0 = Release|Any CPU
		{FCB6E46D-A150-4091-A2FE-1A4546837F83}.Release|x86.ActiveCfg = Release|Any CPU
		{FCB6E46D-A150-4091-A2FE-1A4546837F83}.Release|x86.Build.0 = Release|Any CPU
		{27EA6681-2443-4FD7-AA13-23AD46D0DFCE}.Debug|Any CPU.ActiveCfg = Debug|Any CPU
		{27EA6681-2443-4FD7-AA13-23AD46D0DFCE}.Debug|Any CPU.Build.0 = Debug|Any CPU
		{27EA6681-2443-4FD7-AA13-23AD46D0DFCE}.Debug|x64.ActiveCfg = Debug|Any CPU
		{27EA6681-2443-4FD7-AA13-23AD46D0DFCE}.Debug|x64.Build.0 = Debug|Any CPU
		{27EA6681-2443-4FD7-AA13-23AD46D0DFCE}.Debug|x86.ActiveCfg = Debug|Any CPU
		{27EA6681-2443-4FD7-AA13-23AD46D0DFCE}.Debug|x86.Build.0 = Debug|Any CPU
		{27EA6681-2443-4FD7-AA13-23AD46D0DFCE}.Release|Any CPU.ActiveCfg = Release|Any CPU
		{27EA6681-2443-4FD7-AA13-23AD46D0DFCE}.Release|Any CPU.Build.0 = Release|Any CPU
		{27EA6681-2443-4FD7-AA13-23AD46D0DFCE}.Release|x64.ActiveCfg = Release|Any CPU
		{27EA6681-2443-4FD7-AA13-23AD46D0DFCE}.Release|x64.Build.0 = Release|Any CPU
		{27EA6681-2443-4FD7-AA13-23AD46D0DFCE}.Release|x86.ActiveCfg = Release|Any CPU
		{27EA6681-2443-4FD7-AA13-23AD46D0DFCE}.Release|x86.Build.0 = Release|Any CPU
		{827B77A9-20F8-4C61-A76A-51198FEAB3D7}.Debug|Any CPU.ActiveCfg = Debug|Any CPU
		{827B77A9-20F8-4C61-A76A-51198FEAB3D7}.Debug|Any CPU.Build.0 = Debug|Any CPU
		{827B77A9-20F8-4C61-A76A-51198FEAB3D7}.Debug|x64.ActiveCfg = Debug|Any CPU
		{827B77A9-20F8-4C61-A76A-51198FEAB3D7}.Debug|x64.Build.0 = Debug|Any CPU
		{827B77A9-20F8-4C61-A76A-51198FEAB3D7}.Debug|x86.ActiveCfg = Debug|Any CPU
		{827B77A9-20F8-4C61-A76A-51198FEAB3D7}.Debug|x86.Build.0 = Debug|Any CPU
		{827B77A9-20F8-4C61-A76A-51198FEAB3D7}.Release|Any CPU.ActiveCfg = Release|Any CPU
		{827B77A9-20F8-4C61-A76A-51198FEAB3D7}.Release|Any CPU.Build.0 = Release|Any CPU
		{827B77A9-20F8-4C61-A76A-51198FEAB3D7}.Release|x64.ActiveCfg = Release|Any CPU
		{827B77A9-20F8-4C61-A76A-51198FEAB3D7}.Release|x64.Build.0 = Release|Any CPU
		{827B77A9-20F8-4C61-A76A-51198FEAB3D7}.Release|x86.ActiveCfg = Release|Any CPU
		{827B77A9-20F8-4C61-A76A-51198FEAB3D7}.Release|x86.Build.0 = Release|Any CPU
		{FC26BC37-D892-4531-ABE2-C3F65CCDC4FB}.Debug|Any CPU.ActiveCfg = Debug|Any CPU
		{FC26BC37-D892-4531-ABE2-C3F65CCDC4FB}.Debug|Any CPU.Build.0 = Debug|Any CPU
		{FC26BC37-D892-4531-ABE2-C3F65CCDC4FB}.Debug|x64.ActiveCfg = Debug|Any CPU
		{FC26BC37-D892-4531-ABE2-C3F65CCDC4FB}.Debug|x64.Build.0 = Debug|Any CPU
		{FC26BC37-D892-4531-ABE2-C3F65CCDC4FB}.Debug|x86.ActiveCfg = Debug|Any CPU
		{FC26BC37-D892-4531-ABE2-C3F65CCDC4FB}.Debug|x86.Build.0 = Debug|Any CPU
		{FC26BC37-D892-4531-ABE2-C3F65CCDC4FB}.Release|Any CPU.ActiveCfg = Release|Any CPU
		{FC26BC37-D892-4531-ABE2-C3F65CCDC4FB}.Release|Any CPU.Build.0 = Release|Any CPU
		{FC26BC37-D892-4531-ABE2-C3F65CCDC4FB}.Release|x64.ActiveCfg = Release|Any CPU
		{FC26BC37-D892-4531-ABE2-C3F65CCDC4FB}.Release|x64.Build.0 = Release|Any CPU
		{FC26BC37-D892-4531-ABE2-C3F65CCDC4FB}.Release|x86.ActiveCfg = Release|Any CPU
		{FC26BC37-D892-4531-ABE2-C3F65CCDC4FB}.Release|x86.Build.0 = Release|Any CPU
		{BD880FF8-F240-4071-BCF4-7FA0DA3EB230}.Debug|Any CPU.ActiveCfg = Debug|Any CPU
		{BD880FF8-F240-4071-BCF4-7FA0DA3EB230}.Debug|Any CPU.Build.0 = Debug|Any CPU
		{BD880FF8-F240-4071-BCF4-7FA0DA3EB230}.Debug|x64.ActiveCfg = Debug|Any CPU
		{BD880FF8-F240-4071-BCF4-7FA0DA3EB230}.Debug|x64.Build.0 = Debug|Any CPU
		{BD880FF8-F240-4071-BCF4-7FA0DA3EB230}.Debug|x86.ActiveCfg = Debug|Any CPU
		{BD880FF8-F240-4071-BCF4-7FA0DA3EB230}.Debug|x86.Build.0 = Debug|Any CPU
		{BD880FF8-F240-4071-BCF4-7FA0DA3EB230}.Release|Any CPU.ActiveCfg = Release|Any CPU
		{BD880FF8-F240-4071-BCF4-7FA0DA3EB230}.Release|Any CPU.Build.0 = Release|Any CPU
		{BD880FF8-F240-4071-BCF4-7FA0DA3EB230}.Release|x64.ActiveCfg = Release|Any CPU
		{BD880FF8-F240-4071-BCF4-7FA0DA3EB230}.Release|x64.Build.0 = Release|Any CPU
		{BD880FF8-F240-4071-BCF4-7FA0DA3EB230}.Release|x86.ActiveCfg = Release|Any CPU
		{BD880FF8-F240-4071-BCF4-7FA0DA3EB230}.Release|x86.Build.0 = Release|Any CPU
		{6A326E3F-3663-4510-B2A1-1DDA2F7E6395}.Debug|Any CPU.ActiveCfg = Debug|Any CPU
		{6A326E3F-3663-4510-B2A1-1DDA2F7E6395}.Debug|Any CPU.Build.0 = Debug|Any CPU
		{6A326E3F-3663-4510-B2A1-1DDA2F7E6395}.Debug|x64.ActiveCfg = Debug|Any CPU
		{6A326E3F-3663-4510-B2A1-1DDA2F7E6395}.Debug|x64.Build.0 = Debug|Any CPU
		{6A326E3F-3663-4510-B2A1-1DDA2F7E6395}.Debug|x86.ActiveCfg = Debug|Any CPU
		{6A326E3F-3663-4510-B2A1-1DDA2F7E6395}.Debug|x86.Build.0 = Debug|Any CPU
		{6A326E3F-3663-4510-B2A1-1DDA2F7E6395}.Release|Any CPU.ActiveCfg = Release|Any CPU
		{6A326E3F-3663-4510-B2A1-1DDA2F7E6395}.Release|Any CPU.Build.0 = Release|Any CPU
		{6A326E3F-3663-4510-B2A1-1DDA2F7E6395}.Release|x64.ActiveCfg = Release|Any CPU
		{6A326E3F-3663-4510-B2A1-1DDA2F7E6395}.Release|x64.Build.0 = Release|Any CPU
		{6A326E3F-3663-4510-B2A1-1DDA2F7E6395}.Release|x86.ActiveCfg = Release|Any CPU
		{6A326E3F-3663-4510-B2A1-1DDA2F7E6395}.Release|x86.Build.0 = Release|Any CPU
		{A32761B9-129A-495A-8BE1-6BA7064ADA72}.Debug|Any CPU.ActiveCfg = Debug|Any CPU
		{A32761B9-129A-495A-8BE1-6BA7064ADA72}.Debug|Any CPU.Build.0 = Debug|Any CPU
		{A32761B9-129A-495A-8BE1-6BA7064ADA72}.Debug|x64.ActiveCfg = Debug|Any CPU
		{A32761B9-129A-495A-8BE1-6BA7064ADA72}.Debug|x64.Build.0 = Debug|Any CPU
		{A32761B9-129A-495A-8BE1-6BA7064ADA72}.Debug|x86.ActiveCfg = Debug|Any CPU
		{A32761B9-129A-495A-8BE1-6BA7064ADA72}.Debug|x86.Build.0 = Debug|Any CPU
		{A32761B9-129A-495A-8BE1-6BA7064ADA72}.Release|Any CPU.ActiveCfg = Release|Any CPU
		{A32761B9-129A-495A-8BE1-6BA7064ADA72}.Release|Any CPU.Build.0 = Release|Any CPU
		{A32761B9-129A-495A-8BE1-6BA7064ADA72}.Release|x64.ActiveCfg = Release|Any CPU
		{A32761B9-129A-495A-8BE1-6BA7064ADA72}.Release|x64.Build.0 = Release|Any CPU
		{A32761B9-129A-495A-8BE1-6BA7064ADA72}.Release|x86.ActiveCfg = Release|Any CPU
		{A32761B9-129A-495A-8BE1-6BA7064ADA72}.Release|x86.Build.0 = Release|Any CPU
		{67B324CC-AB8E-466F-AFCD-F11A709DEFDE}.Debug|Any CPU.ActiveCfg = Debug|Any CPU
		{67B324CC-AB8E-466F-AFCD-F11A709DEFDE}.Debug|Any CPU.Build.0 = Debug|Any CPU
		{67B324CC-AB8E-466F-AFCD-F11A709DEFDE}.Debug|x64.ActiveCfg = Debug|Any CPU
		{67B324CC-AB8E-466F-AFCD-F11A709DEFDE}.Debug|x64.Build.0 = Debug|Any CPU
		{67B324CC-AB8E-466F-AFCD-F11A709DEFDE}.Debug|x86.ActiveCfg = Debug|Any CPU
		{67B324CC-AB8E-466F-AFCD-F11A709DEFDE}.Debug|x86.Build.0 = Debug|Any CPU
		{67B324CC-AB8E-466F-AFCD-F11A709DEFDE}.Release|Any CPU.ActiveCfg = Release|Any CPU
		{67B324CC-AB8E-466F-AFCD-F11A709DEFDE}.Release|Any CPU.Build.0 = Release|Any CPU
		{67B324CC-AB8E-466F-AFCD-F11A709DEFDE}.Release|x64.ActiveCfg = Release|Any CPU
		{67B324CC-AB8E-466F-AFCD-F11A709DEFDE}.Release|x64.Build.0 = Release|Any CPU
		{67B324CC-AB8E-466F-AFCD-F11A709DEFDE}.Release|x86.ActiveCfg = Release|Any CPU
		{67B324CC-AB8E-466F-AFCD-F11A709DEFDE}.Release|x86.Build.0 = Release|Any CPU
		{A945612B-37AC-4E68-86BB-2797D2CC3DD7}.Debug|Any CPU.ActiveCfg = Debug|Any CPU
		{A945612B-37AC-4E68-86BB-2797D2CC3DD7}.Debug|Any CPU.Build.0 = Debug|Any CPU
		{A945612B-37AC-4E68-86BB-2797D2CC3DD7}.Debug|x64.ActiveCfg = Debug|Any CPU
		{A945612B-37AC-4E68-86BB-2797D2CC3DD7}.Debug|x64.Build.0 = Debug|Any CPU
		{A945612B-37AC-4E68-86BB-2797D2CC3DD7}.Debug|x86.ActiveCfg = Debug|Any CPU
		{A945612B-37AC-4E68-86BB-2797D2CC3DD7}.Debug|x86.Build.0 = Debug|Any CPU
		{A945612B-37AC-4E68-86BB-2797D2CC3DD7}.Release|Any CPU.ActiveCfg = Release|Any CPU
		{A945612B-37AC-4E68-86BB-2797D2CC3DD7}.Release|Any CPU.Build.0 = Release|Any CPU
		{A945612B-37AC-4E68-86BB-2797D2CC3DD7}.Release|x64.ActiveCfg = Release|Any CPU
		{A945612B-37AC-4E68-86BB-2797D2CC3DD7}.Release|x64.Build.0 = Release|Any CPU
		{A945612B-37AC-4E68-86BB-2797D2CC3DD7}.Release|x86.ActiveCfg = Release|Any CPU
		{A945612B-37AC-4E68-86BB-2797D2CC3DD7}.Release|x86.Build.0 = Release|Any CPU
		{C0F4B4CE-57F7-444E-ACD4-E73C1E20421C}.Debug|Any CPU.ActiveCfg = Debug|Any CPU
		{C0F4B4CE-57F7-444E-ACD4-E73C1E20421C}.Debug|Any CPU.Build.0 = Debug|Any CPU
		{C0F4B4CE-57F7-444E-ACD4-E73C1E20421C}.Debug|x64.ActiveCfg = Debug|Any CPU
		{C0F4B4CE-57F7-444E-ACD4-E73C1E20421C}.Debug|x64.Build.0 = Debug|Any CPU
		{C0F4B4CE-57F7-444E-ACD4-E73C1E20421C}.Debug|x86.ActiveCfg = Debug|Any CPU
		{C0F4B4CE-57F7-444E-ACD4-E73C1E20421C}.Debug|x86.Build.0 = Debug|Any CPU
		{C0F4B4CE-57F7-444E-ACD4-E73C1E20421C}.Release|Any CPU.ActiveCfg = Release|Any CPU
		{C0F4B4CE-57F7-444E-ACD4-E73C1E20421C}.Release|Any CPU.Build.0 = Release|Any CPU
		{C0F4B4CE-57F7-444E-ACD4-E73C1E20421C}.Release|x64.ActiveCfg = Release|Any CPU
		{C0F4B4CE-57F7-444E-ACD4-E73C1E20421C}.Release|x64.Build.0 = Release|Any CPU
		{C0F4B4CE-57F7-444E-ACD4-E73C1E20421C}.Release|x86.ActiveCfg = Release|Any CPU
		{C0F4B4CE-57F7-444E-ACD4-E73C1E20421C}.Release|x86.Build.0 = Release|Any CPU
		{91E9E7BD-75C9-4E98-84AA-2C271922E5C2}.Debug|Any CPU.ActiveCfg = Debug|Any CPU
		{91E9E7BD-75C9-4E98-84AA-2C271922E5C2}.Debug|Any CPU.Build.0 = Debug|Any CPU
		{91E9E7BD-75C9-4E98-84AA-2C271922E5C2}.Debug|x64.ActiveCfg = Debug|Any CPU
		{91E9E7BD-75C9-4E98-84AA-2C271922E5C2}.Debug|x64.Build.0 = Debug|Any CPU
		{91E9E7BD-75C9-4E98-84AA-2C271922E5C2}.Debug|x86.ActiveCfg = Debug|Any CPU
		{91E9E7BD-75C9-4E98-84AA-2C271922E5C2}.Debug|x86.Build.0 = Debug|Any CPU
		{91E9E7BD-75C9-4E98-84AA-2C271922E5C2}.Release|Any CPU.ActiveCfg = Release|Any CPU
		{91E9E7BD-75C9-4E98-84AA-2C271922E5C2}.Release|Any CPU.Build.0 = Release|Any CPU
		{91E9E7BD-75C9-4E98-84AA-2C271922E5C2}.Release|x64.ActiveCfg = Release|Any CPU
		{91E9E7BD-75C9-4E98-84AA-2C271922E5C2}.Release|x64.Build.0 = Release|Any CPU
		{91E9E7BD-75C9-4E98-84AA-2C271922E5C2}.Release|x86.ActiveCfg = Release|Any CPU
		{91E9E7BD-75C9-4E98-84AA-2C271922E5C2}.Release|x86.Build.0 = Release|Any CPU
		{98F3996E-7798-407F-9F7E-FF67B82F6D0D}.Debug|Any CPU.ActiveCfg = Debug|Any CPU
		{98F3996E-7798-407F-9F7E-FF67B82F6D0D}.Debug|Any CPU.Build.0 = Debug|Any CPU
		{98F3996E-7798-407F-9F7E-FF67B82F6D0D}.Debug|x64.ActiveCfg = Debug|Any CPU
		{98F3996E-7798-407F-9F7E-FF67B82F6D0D}.Debug|x64.Build.0 = Debug|Any CPU
		{98F3996E-7798-407F-9F7E-FF67B82F6D0D}.Debug|x86.ActiveCfg = Debug|Any CPU
		{98F3996E-7798-407F-9F7E-FF67B82F6D0D}.Debug|x86.Build.0 = Debug|Any CPU
		{98F3996E-7798-407F-9F7E-FF67B82F6D0D}.Release|Any CPU.ActiveCfg = Release|Any CPU
		{98F3996E-7798-407F-9F7E-FF67B82F6D0D}.Release|Any CPU.Build.0 = Release|Any CPU
		{98F3996E-7798-407F-9F7E-FF67B82F6D0D}.Release|x64.ActiveCfg = Debug|Any CPU
		{98F3996E-7798-407F-9F7E-FF67B82F6D0D}.Release|x64.Build.0 = Debug|Any CPU
		{98F3996E-7798-407F-9F7E-FF67B82F6D0D}.Release|x86.ActiveCfg = Debug|Any CPU
		{98F3996E-7798-407F-9F7E-FF67B82F6D0D}.Release|x86.Build.0 = Debug|Any CPU
		{6CB2A33F-FEF9-4254-9DA5-54FE2A7B6F54}.Debug|Any CPU.ActiveCfg = Debug|Any CPU
		{6CB2A33F-FEF9-4254-9DA5-54FE2A7B6F54}.Debug|Any CPU.Build.0 = Debug|Any CPU
		{6CB2A33F-FEF9-4254-9DA5-54FE2A7B6F54}.Debug|x64.ActiveCfg = Debug|Any CPU
		{6CB2A33F-FEF9-4254-9DA5-54FE2A7B6F54}.Debug|x64.Build.0 = Debug|Any CPU
		{6CB2A33F-FEF9-4254-9DA5-54FE2A7B6F54}.Debug|x86.ActiveCfg = Debug|Any CPU
		{6CB2A33F-FEF9-4254-9DA5-54FE2A7B6F54}.Debug|x86.Build.0 = Debug|Any CPU
		{6CB2A33F-FEF9-4254-9DA5-54FE2A7B6F54}.Release|Any CPU.ActiveCfg = Release|Any CPU
		{6CB2A33F-FEF9-4254-9DA5-54FE2A7B6F54}.Release|Any CPU.Build.0 = Release|Any CPU
		{6CB2A33F-FEF9-4254-9DA5-54FE2A7B6F54}.Release|x64.ActiveCfg = Debug|Any CPU
		{6CB2A33F-FEF9-4254-9DA5-54FE2A7B6F54}.Release|x64.Build.0 = Debug|Any CPU
		{6CB2A33F-FEF9-4254-9DA5-54FE2A7B6F54}.Release|x86.ActiveCfg = Debug|Any CPU
		{6CB2A33F-FEF9-4254-9DA5-54FE2A7B6F54}.Release|x86.Build.0 = Debug|Any CPU
		{04429829-437D-43D4-AAEB-27A2C0FEE93B}.Debug|Any CPU.ActiveCfg = Debug|Any CPU
		{04429829-437D-43D4-AAEB-27A2C0FEE93B}.Debug|Any CPU.Build.0 = Debug|Any CPU
		{04429829-437D-43D4-AAEB-27A2C0FEE93B}.Debug|x64.ActiveCfg = Debug|Any CPU
		{04429829-437D-43D4-AAEB-27A2C0FEE93B}.Debug|x64.Build.0 = Debug|Any CPU
		{04429829-437D-43D4-AAEB-27A2C0FEE93B}.Debug|x86.ActiveCfg = Debug|Any CPU
		{04429829-437D-43D4-AAEB-27A2C0FEE93B}.Debug|x86.Build.0 = Debug|Any CPU
		{04429829-437D-43D4-AAEB-27A2C0FEE93B}.Release|Any CPU.ActiveCfg = Release|Any CPU
		{04429829-437D-43D4-AAEB-27A2C0FEE93B}.Release|Any CPU.Build.0 = Release|Any CPU
		{04429829-437D-43D4-AAEB-27A2C0FEE93B}.Release|x64.ActiveCfg = Release|Any CPU
		{04429829-437D-43D4-AAEB-27A2C0FEE93B}.Release|x64.Build.0 = Release|Any CPU
		{04429829-437D-43D4-AAEB-27A2C0FEE93B}.Release|x86.ActiveCfg = Release|Any CPU
		{04429829-437D-43D4-AAEB-27A2C0FEE93B}.Release|x86.Build.0 = Release|Any CPU
		{9AFAB80E-D2D3-4EDB-B58C-BACA78D1EA30}.Debug|Any CPU.ActiveCfg = Debug|Any CPU
		{9AFAB80E-D2D3-4EDB-B58C-BACA78D1EA30}.Debug|Any CPU.Build.0 = Debug|Any CPU
		{9AFAB80E-D2D3-4EDB-B58C-BACA78D1EA30}.Debug|x64.ActiveCfg = Debug|Any CPU
		{9AFAB80E-D2D3-4EDB-B58C-BACA78D1EA30}.Debug|x64.Build.0 = Debug|Any CPU
		{9AFAB80E-D2D3-4EDB-B58C-BACA78D1EA30}.Debug|x86.ActiveCfg = Debug|Any CPU
		{9AFAB80E-D2D3-4EDB-B58C-BACA78D1EA30}.Debug|x86.Build.0 = Debug|Any CPU
		{9AFAB80E-D2D3-4EDB-B58C-BACA78D1EA30}.Release|Any CPU.ActiveCfg = Release|Any CPU
		{9AFAB80E-D2D3-4EDB-B58C-BACA78D1EA30}.Release|Any CPU.Build.0 = Release|Any CPU
		{9AFAB80E-D2D3-4EDB-B58C-BACA78D1EA30}.Release|x64.ActiveCfg = Release|Any CPU
		{9AFAB80E-D2D3-4EDB-B58C-BACA78D1EA30}.Release|x64.Build.0 = Release|Any CPU
		{9AFAB80E-D2D3-4EDB-B58C-BACA78D1EA30}.Release|x86.ActiveCfg = Release|Any CPU
		{9AFAB80E-D2D3-4EDB-B58C-BACA78D1EA30}.Release|x86.Build.0 = Release|Any CPU
		{F2FF84FB-F6AD-47E5-9EE5-18206CAE136E}.Debug|Any CPU.ActiveCfg = Debug|Any CPU
		{F2FF84FB-F6AD-47E5-9EE5-18206CAE136E}.Debug|Any CPU.Build.0 = Debug|Any CPU
		{F2FF84FB-F6AD-47E5-9EE5-18206CAE136E}.Debug|x64.ActiveCfg = Debug|Any CPU
		{F2FF84FB-F6AD-47E5-9EE5-18206CAE136E}.Debug|x64.Build.0 = Debug|Any CPU
		{F2FF84FB-F6AD-47E5-9EE5-18206CAE136E}.Debug|x86.ActiveCfg = Debug|Any CPU
		{F2FF84FB-F6AD-47E5-9EE5-18206CAE136E}.Debug|x86.Build.0 = Debug|Any CPU
		{F2FF84FB-F6AD-47E5-9EE5-18206CAE136E}.Release|Any CPU.ActiveCfg = Release|Any CPU
		{F2FF84FB-F6AD-47E5-9EE5-18206CAE136E}.Release|Any CPU.Build.0 = Release|Any CPU
		{F2FF84FB-F6AD-47E5-9EE5-18206CAE136E}.Release|x64.ActiveCfg = Release|Any CPU
		{F2FF84FB-F6AD-47E5-9EE5-18206CAE136E}.Release|x64.Build.0 = Release|Any CPU
		{F2FF84FB-F6AD-47E5-9EE5-18206CAE136E}.Release|x86.ActiveCfg = Release|Any CPU
		{F2FF84FB-F6AD-47E5-9EE5-18206CAE136E}.Release|x86.Build.0 = Release|Any CPU
		{4E1F1F40-B1DD-40C9-A4B1-A2046A4C9C76}.Debug|Any CPU.ActiveCfg = Debug|Any CPU
		{4E1F1F40-B1DD-40C9-A4B1-A2046A4C9C76}.Debug|Any CPU.Build.0 = Debug|Any CPU
		{4E1F1F40-B1DD-40C9-A4B1-A2046A4C9C76}.Debug|x64.ActiveCfg = Debug|Any CPU
		{4E1F1F40-B1DD-40C9-A4B1-A2046A4C9C76}.Debug|x64.Build.0 = Debug|Any CPU
		{4E1F1F40-B1DD-40C9-A4B1-A2046A4C9C76}.Debug|x86.ActiveCfg = Debug|Any CPU
		{4E1F1F40-B1DD-40C9-A4B1-A2046A4C9C76}.Debug|x86.Build.0 = Debug|Any CPU
		{4E1F1F40-B1DD-40C9-A4B1-A2046A4C9C76}.Release|Any CPU.ActiveCfg = Release|Any CPU
		{4E1F1F40-B1DD-40C9-A4B1-A2046A4C9C76}.Release|Any CPU.Build.0 = Release|Any CPU
		{4E1F1F40-B1DD-40C9-A4B1-A2046A4C9C76}.Release|x64.ActiveCfg = Release|Any CPU
		{4E1F1F40-B1DD-40C9-A4B1-A2046A4C9C76}.Release|x64.Build.0 = Release|Any CPU
		{4E1F1F40-B1DD-40C9-A4B1-A2046A4C9C76}.Release|x86.ActiveCfg = Release|Any CPU
		{4E1F1F40-B1DD-40C9-A4B1-A2046A4C9C76}.Release|x86.Build.0 = Release|Any CPU
	EndGlobalSection
	GlobalSection(SolutionProperties) = preSolution
		HideSolutionNode = FALSE
	EndGlobalSection
	GlobalSection(NestedProjects) = preSolution
		{27EA6681-2443-4FD7-AA13-23AD46D0DFCE} = {29CBB1BF-CE46-4FDF-9957-7C92FC303E44}
		{827B77A9-20F8-4C61-A76A-51198FEAB3D7} = {88F29292-C7C7-476B-86A5-4F3D73BD59EF}
		{FC26BC37-D892-4531-ABE2-C3F65CCDC4FB} = {18D1145F-FF2B-4EF0-A419-570026659610}
		{BD880FF8-F240-4071-BCF4-7FA0DA3EB230} = {29CBB1BF-CE46-4FDF-9957-7C92FC303E44}
		{6A326E3F-3663-4510-B2A1-1DDA2F7E6395} = {29CBB1BF-CE46-4FDF-9957-7C92FC303E44}
		{88F29292-C7C7-476B-86A5-4F3D73BD59EF} = {42CC2C25-EF23-4A17-8F39-44CC276349B8}
		{29CBB1BF-CE46-4FDF-9957-7C92FC303E44} = {42CC2C25-EF23-4A17-8F39-44CC276349B8}
		{A32761B9-129A-495A-8BE1-6BA7064ADA72} = {29CBB1BF-CE46-4FDF-9957-7C92FC303E44}
		{67B324CC-AB8E-466F-AFCD-F11A709DEFDE} = {29CBB1BF-CE46-4FDF-9957-7C92FC303E44}
		{91E9E7BD-75C9-4E98-84AA-2C271922E5C2} = {73F183B5-8051-48C0-BEFB-270E23957A05}
		{288C363D-A636-4EAE-9AC1-4698B641B26E} = {73F183B5-8051-48C0-BEFB-270E23957A05}
		{98F3996E-7798-407F-9F7E-FF67B82F6D0D} = {288C363D-A636-4EAE-9AC1-4698B641B26E}
		{6CB2A33F-FEF9-4254-9DA5-54FE2A7B6F54} = {CC3D4B1C-9DE0-448B-8AE7-F3F1F3EC5C3A}
		{04429829-437D-43D4-AAEB-27A2C0FEE93B} = {288C363D-A636-4EAE-9AC1-4698B641B26E}
		{CC3D4B1C-9DE0-448B-8AE7-F3F1F3EC5C3A} = {73F183B5-8051-48C0-BEFB-270E23957A05}
		{9AFAB80E-D2D3-4EDB-B58C-BACA78D1EA30} = {CC3D4B1C-9DE0-448B-8AE7-F3F1F3EC5C3A}
		{BB59D5B5-E7B0-4BF4-8F82-D14431B2799B} = {73F183B5-8051-48C0-BEFB-270E23957A05}
		{F2FF84FB-F6AD-47E5-9EE5-18206CAE136E} = {BB59D5B5-E7B0-4BF4-8F82-D14431B2799B}
		{4E1F1F40-B1DD-40C9-A4B1-A2046A4C9C76} = {BB59D5B5-E7B0-4BF4-8F82-D14431B2799B}
	EndGlobalSection
	GlobalSection(ExtensibilityGlobals) = postSolution
		SolutionGuid = {D2404771-EEC8-45F2-9D71-F3373F6C1495}
	EndGlobalSection
	GlobalSection(CodealikeProperties) = postSolution
		SolutionGuid = a45217b4-a401-4dbf-8654-34d2ec034cd9
	EndGlobalSection
	GlobalSection(CodealikeProperties) = postSolution
		SolutionGuid = a45217b4-a401-4dbf-8654-34d2ec034cd9
	EndGlobalSection
EndGlobal
