
Microsoft Visual Studio Solution File, Format Version 12.00
# Visual Studio Version 16
VisualStudioVersion = 16.0.29926.136
MinimumVisualStudioVersion = 10.0.40219.1
Project("{FAE04EC0-301F-11D3-BF4B-00C04F79EFBC}") = "AGNSharpBot_v2", "AGNSharpBot_v2\AGNSharpBot_v2.csproj", "{5A5D754F-29CA-4D7D-9AB6-A0558F4D63E6}"
	ProjectSection(ProjectDependencies) = postProject
		{7A2B2313-DB13-419C-A0D5-B2084D696583} = {7A2B2313-DB13-419C-A0D5-B2084D696583}
		{60C35C1F-2184-4CB1-BF71-B5F44A280441} = {60C35C1F-2184-4CB1-BF71-B5F44A280441}
		{9F5E032C-747F-48CB-A915-4D83BB5257AF} = {9F5E032C-747F-48CB-A915-4D83BB5257AF}
		{39C55D3F-B55B-43A5-93C8-C5A37BB7CCC1} = {39C55D3F-B55B-43A5-93C8-C5A37BB7CCC1}
		{58E3AF4C-14F9-4A1F-8708-30EBC6C3D28E} = {58E3AF4C-14F9-4A1F-8708-30EBC6C3D28E}
		{16402577-815C-4391-A367-46E5C2C9269F} = {16402577-815C-4391-A367-46E5C2C9269F}
		{25DE957A-C4A9-4293-9DA2-CFC42EFC06AD} = {25DE957A-C4A9-4293-9DA2-CFC42EFC06AD}
		{B192F5A4-1314-4E83-A44A-63BEF50692EE} = {B192F5A4-1314-4E83-A44A-63BEF50692EE}
		{46417EB3-42D9-4903-919A-E82CF598E77E} = {46417EB3-42D9-4903-919A-E82CF598E77E}
		{3E433BB5-B697-499A-B3F9-816124FD6DA9} = {3E433BB5-B697-499A-B3F9-816124FD6DA9}
		{EDDC2BC8-6002-43B7-905F-7B3C14C9F369} = {EDDC2BC8-6002-43B7-905F-7B3C14C9F369}
	EndProjectSection
EndProject
Project("{FAE04EC0-301F-11D3-BF4B-00C04F79EFBC}") = "CommandHandler", "CommandHandler\CommandHandler.csproj", "{E257AF0A-2886-4CF1-AA4C-0AA585AE1080}"
EndProject
Project("{FAE04EC0-301F-11D3-BF4B-00C04F79EFBC}") = "GlobalLogger", "GlobalLogger\GlobalLogger.csproj", "{450981F4-023C-4A65-B3BB-0478E058DE0C}"
EndProject
Project("{FAE04EC0-301F-11D3-BF4B-00C04F79EFBC}") = "PermissionHandler", "PermissionHandler\PermissionHandler.csproj", "{9F5E032C-747F-48CB-A915-4D83BB5257AF}"
EndProject
Project("{2150E333-8FDC-42A3-9474-1A3956D46DE8}") = "Plugins", "Plugins", "{D3BC2D65-2118-4EC9-A67C-928C6D160CE3}"
EndProject
Project("{2150E333-8FDC-42A3-9474-1A3956D46DE8}") = "Manager", "Manager", "{1324F96C-6855-40F5-9DB7-AB93EFFF6FB3}"
EndProject
Project("{2150E333-8FDC-42A3-9474-1A3956D46DE8}") = "Binaries", "Binaries", "{E21A1D7E-FBBB-4B3E-A9AC-395F828F8F1C}"
EndProject
Project("{FAE04EC0-301F-11D3-BF4B-00C04F79EFBC}") = "PluginManager", "PluginManager\PluginManager.csproj", "{DADB5B75-B3FF-4C07-85BC-BBBEE87B0B7A}"
EndProject
Project("{2150E333-8FDC-42A3-9474-1A3956D46DE8}") = "Database", "Database", "{CA4252C0-D79E-4C09-889B-36182A4C0522}"
EndProject
Project("{FAE04EC0-301F-11D3-BF4B-00C04F79EFBC}") = "InternalDatabase", "InternalDatabase\InternalDatabase.csproj", "{60C35C1F-2184-4CB1-BF71-B5F44A280441}"
EndProject
Project("{FAE04EC0-301F-11D3-BF4B-00C04F79EFBC}") = "Auditor", "Plugins\Binaries\Auditor\Auditor.csproj", "{B192F5A4-1314-4E83-A44A-63BEF50692EE}"
EndProject
Project("{FAE04EC0-301F-11D3-BF4B-00C04F79EFBC}") = "GameWatcher", "Plugins\Binaries\GameWatcher\GameWatcher.csproj", "{7A2B2313-DB13-419C-A0D5-B2084D696583}"
EndProject
Project("{FAE04EC0-301F-11D3-BF4B-00C04F79EFBC}") = "HARATSeATSRP", "Plugins\Binaries\HARATSeATSRP\HARATSeATSRP.csproj", "{25DE957A-C4A9-4293-9DA2-CFC42EFC06AD}"
EndProject
Project("{FAE04EC0-301F-11D3-BF4B-00C04F79EFBC}") = "HomeLabReporting", "Plugins\Binaries\HomeLabReporting\HomeLabReporting.csproj", "{EDDC2BC8-6002-43B7-905F-7B3C14C9F369}"
EndProject
Project("{FAE04EC0-301F-11D3-BF4B-00C04F79EFBC}") = "JoinQuitMessages", "Plugins\Binaries\JoinQuitMessages\JoinQuitMessages.csproj", "{39C55D3F-B55B-43A5-93C8-C5A37BB7CCC1}"
EndProject
Project("{FAE04EC0-301F-11D3-BF4B-00C04F79EFBC}") = "Responses", "Plugins\Binaries\Responses\Responses.csproj", "{3E433BB5-B697-499A-B3F9-816124FD6DA9}"
EndProject
Project("{FAE04EC0-301F-11D3-BF4B-00C04F79EFBC}") = "SpotifyStats", "Plugins\Binaries\SpotifyStats\SpotifyStats.csproj", "{46417EB3-42D9-4903-919A-E82CF598E77E}"
EndProject
Project("{FAE04EC0-301F-11D3-BF4B-00C04F79EFBC}") = "DiscordMenu", "DiscordMenu\DiscordMenu.csproj", "{16402577-815C-4391-A367-46E5C2C9269F}"
EndProject
Project("{FAE04EC0-301F-11D3-BF4B-00C04F79EFBC}") = "PUBGWeekly", "Plugins\Binaries\PUBGWeekly\PUBGWeekly.csproj", "{58E3AF4C-14F9-4A1F-8708-30EBC6C3D28E}"
EndProject
Project("{9A19103F-16F7-4668-BE54-9A1E7A4F7556}") = "pubg-dotnet", "pubg-dotnet\pubg-dotnet.csproj", "{843F8B0B-31F6-445C-925F-EBA56C8043C4}"
EndProject
Project("{9A19103F-16F7-4668-BE54-9A1E7A4F7556}") = "Discord.Net.Commands", "..\Discord.Net\src\Discord.Net.Commands\Discord.Net.Commands.csproj", "{41E01A57-E9EA-4808-8A86-03DB827E9B99}"
EndProject
Project("{9A19103F-16F7-4668-BE54-9A1E7A4F7556}") = "Discord.Net.Rest", "..\Discord.Net\src\Discord.Net.Rest\Discord.Net.Rest.csproj", "{ED4CFDAA-E93F-45BE-8935-321D3FF4C81B}"
EndProject
Project("{9A19103F-16F7-4668-BE54-9A1E7A4F7556}") = "Discord.Net.Webhook", "..\Discord.Net\src\Discord.Net.Webhook\Discord.Net.Webhook.csproj", "{005A6742-93BB-444E-B657-DC22476CE024}"
EndProject
Project("{9A19103F-16F7-4668-BE54-9A1E7A4F7556}") = "Discord.Net.Core", "..\Discord.Net\src\Discord.Net.Core\Discord.Net.Core.csproj", "{2976E625-9C9C-4DB4-A45A-8882729F8495}"
EndProject
Project("{9A19103F-16F7-4668-BE54-9A1E7A4F7556}") = "Discord.Net.WebSocket", "..\Discord.Net\src\Discord.Net.WebSocket\Discord.Net.WebSocket.csproj", "{B9591B92-5C62-405E-8340-20F12CE0223E}"
EndProject
Global
	GlobalSection(SolutionConfigurationPlatforms) = preSolution
		Debug|Any CPU = Debug|Any CPU
		Release|Any CPU = Release|Any CPU
	EndGlobalSection
	GlobalSection(ProjectConfigurationPlatforms) = postSolution
		{5A5D754F-29CA-4D7D-9AB6-A0558F4D63E6}.Debug|Any CPU.ActiveCfg = Debug|Any CPU
		{5A5D754F-29CA-4D7D-9AB6-A0558F4D63E6}.Debug|Any CPU.Build.0 = Debug|Any CPU
		{5A5D754F-29CA-4D7D-9AB6-A0558F4D63E6}.Release|Any CPU.ActiveCfg = Release|Any CPU
		{5A5D754F-29CA-4D7D-9AB6-A0558F4D63E6}.Release|Any CPU.Build.0 = Release|Any CPU
		{E257AF0A-2886-4CF1-AA4C-0AA585AE1080}.Debug|Any CPU.ActiveCfg = Debug|Any CPU
		{E257AF0A-2886-4CF1-AA4C-0AA585AE1080}.Debug|Any CPU.Build.0 = Debug|Any CPU
		{E257AF0A-2886-4CF1-AA4C-0AA585AE1080}.Release|Any CPU.ActiveCfg = Release|Any CPU
		{E257AF0A-2886-4CF1-AA4C-0AA585AE1080}.Release|Any CPU.Build.0 = Release|Any CPU
		{450981F4-023C-4A65-B3BB-0478E058DE0C}.Debug|Any CPU.ActiveCfg = Debug|Any CPU
		{450981F4-023C-4A65-B3BB-0478E058DE0C}.Debug|Any CPU.Build.0 = Debug|Any CPU
		{450981F4-023C-4A65-B3BB-0478E058DE0C}.Release|Any CPU.ActiveCfg = Release|Any CPU
		{450981F4-023C-4A65-B3BB-0478E058DE0C}.Release|Any CPU.Build.0 = Release|Any CPU
		{9F5E032C-747F-48CB-A915-4D83BB5257AF}.Debug|Any CPU.ActiveCfg = Debug|Any CPU
		{9F5E032C-747F-48CB-A915-4D83BB5257AF}.Debug|Any CPU.Build.0 = Debug|Any CPU
		{9F5E032C-747F-48CB-A915-4D83BB5257AF}.Release|Any CPU.ActiveCfg = Release|Any CPU
		{9F5E032C-747F-48CB-A915-4D83BB5257AF}.Release|Any CPU.Build.0 = Release|Any CPU
		{DADB5B75-B3FF-4C07-85BC-BBBEE87B0B7A}.Debug|Any CPU.ActiveCfg = Debug|Any CPU
		{DADB5B75-B3FF-4C07-85BC-BBBEE87B0B7A}.Debug|Any CPU.Build.0 = Debug|Any CPU
		{DADB5B75-B3FF-4C07-85BC-BBBEE87B0B7A}.Release|Any CPU.ActiveCfg = Release|Any CPU
		{DADB5B75-B3FF-4C07-85BC-BBBEE87B0B7A}.Release|Any CPU.Build.0 = Release|Any CPU
		{60C35C1F-2184-4CB1-BF71-B5F44A280441}.Debug|Any CPU.ActiveCfg = Debug|Any CPU
		{60C35C1F-2184-4CB1-BF71-B5F44A280441}.Debug|Any CPU.Build.0 = Debug|Any CPU
		{60C35C1F-2184-4CB1-BF71-B5F44A280441}.Release|Any CPU.ActiveCfg = Release|Any CPU
		{60C35C1F-2184-4CB1-BF71-B5F44A280441}.Release|Any CPU.Build.0 = Release|Any CPU
		{B192F5A4-1314-4E83-A44A-63BEF50692EE}.Debug|Any CPU.ActiveCfg = Debug|Any CPU
		{B192F5A4-1314-4E83-A44A-63BEF50692EE}.Debug|Any CPU.Build.0 = Debug|Any CPU
		{B192F5A4-1314-4E83-A44A-63BEF50692EE}.Release|Any CPU.ActiveCfg = Release|Any CPU
		{B192F5A4-1314-4E83-A44A-63BEF50692EE}.Release|Any CPU.Build.0 = Release|Any CPU
		{7A2B2313-DB13-419C-A0D5-B2084D696583}.Debug|Any CPU.ActiveCfg = Debug|Any CPU
		{7A2B2313-DB13-419C-A0D5-B2084D696583}.Debug|Any CPU.Build.0 = Debug|Any CPU
		{7A2B2313-DB13-419C-A0D5-B2084D696583}.Release|Any CPU.ActiveCfg = Release|Any CPU
		{7A2B2313-DB13-419C-A0D5-B2084D696583}.Release|Any CPU.Build.0 = Release|Any CPU
		{25DE957A-C4A9-4293-9DA2-CFC42EFC06AD}.Debug|Any CPU.ActiveCfg = Debug|Any CPU
		{25DE957A-C4A9-4293-9DA2-CFC42EFC06AD}.Debug|Any CPU.Build.0 = Debug|Any CPU
		{25DE957A-C4A9-4293-9DA2-CFC42EFC06AD}.Release|Any CPU.ActiveCfg = Release|Any CPU
		{25DE957A-C4A9-4293-9DA2-CFC42EFC06AD}.Release|Any CPU.Build.0 = Release|Any CPU
		{EDDC2BC8-6002-43B7-905F-7B3C14C9F369}.Debug|Any CPU.ActiveCfg = Debug|Any CPU
		{EDDC2BC8-6002-43B7-905F-7B3C14C9F369}.Debug|Any CPU.Build.0 = Debug|Any CPU
		{EDDC2BC8-6002-43B7-905F-7B3C14C9F369}.Release|Any CPU.ActiveCfg = Release|Any CPU
		{EDDC2BC8-6002-43B7-905F-7B3C14C9F369}.Release|Any CPU.Build.0 = Release|Any CPU
		{39C55D3F-B55B-43A5-93C8-C5A37BB7CCC1}.Debug|Any CPU.ActiveCfg = Debug|Any CPU
		{39C55D3F-B55B-43A5-93C8-C5A37BB7CCC1}.Debug|Any CPU.Build.0 = Debug|Any CPU
		{39C55D3F-B55B-43A5-93C8-C5A37BB7CCC1}.Release|Any CPU.ActiveCfg = Release|Any CPU
		{39C55D3F-B55B-43A5-93C8-C5A37BB7CCC1}.Release|Any CPU.Build.0 = Release|Any CPU
		{3E433BB5-B697-499A-B3F9-816124FD6DA9}.Debug|Any CPU.ActiveCfg = Debug|Any CPU
		{3E433BB5-B697-499A-B3F9-816124FD6DA9}.Debug|Any CPU.Build.0 = Debug|Any CPU
		{3E433BB5-B697-499A-B3F9-816124FD6DA9}.Release|Any CPU.ActiveCfg = Release|Any CPU
		{3E433BB5-B697-499A-B3F9-816124FD6DA9}.Release|Any CPU.Build.0 = Release|Any CPU
		{46417EB3-42D9-4903-919A-E82CF598E77E}.Debug|Any CPU.ActiveCfg = Debug|Any CPU
		{46417EB3-42D9-4903-919A-E82CF598E77E}.Debug|Any CPU.Build.0 = Debug|Any CPU
		{46417EB3-42D9-4903-919A-E82CF598E77E}.Release|Any CPU.ActiveCfg = Release|Any CPU
		{46417EB3-42D9-4903-919A-E82CF598E77E}.Release|Any CPU.Build.0 = Release|Any CPU
		{16402577-815C-4391-A367-46E5C2C9269F}.Debug|Any CPU.ActiveCfg = Debug|Any CPU
		{16402577-815C-4391-A367-46E5C2C9269F}.Debug|Any CPU.Build.0 = Debug|Any CPU
		{16402577-815C-4391-A367-46E5C2C9269F}.Release|Any CPU.ActiveCfg = Release|Any CPU
		{16402577-815C-4391-A367-46E5C2C9269F}.Release|Any CPU.Build.0 = Release|Any CPU
		{58E3AF4C-14F9-4A1F-8708-30EBC6C3D28E}.Debug|Any CPU.ActiveCfg = Debug|Any CPU
		{58E3AF4C-14F9-4A1F-8708-30EBC6C3D28E}.Debug|Any CPU.Build.0 = Debug|Any CPU
		{58E3AF4C-14F9-4A1F-8708-30EBC6C3D28E}.Release|Any CPU.ActiveCfg = Release|Any CPU
		{58E3AF4C-14F9-4A1F-8708-30EBC6C3D28E}.Release|Any CPU.Build.0 = Release|Any CPU
		{843F8B0B-31F6-445C-925F-EBA56C8043C4}.Debug|Any CPU.ActiveCfg = Debug|Any CPU
		{843F8B0B-31F6-445C-925F-EBA56C8043C4}.Debug|Any CPU.Build.0 = Debug|Any CPU
		{843F8B0B-31F6-445C-925F-EBA56C8043C4}.Release|Any CPU.ActiveCfg = Release|Any CPU
		{843F8B0B-31F6-445C-925F-EBA56C8043C4}.Release|Any CPU.Build.0 = Release|Any CPU
		{41E01A57-E9EA-4808-8A86-03DB827E9B99}.Debug|Any CPU.ActiveCfg = Debug|Any CPU
		{41E01A57-E9EA-4808-8A86-03DB827E9B99}.Debug|Any CPU.Build.0 = Debug|Any CPU
		{41E01A57-E9EA-4808-8A86-03DB827E9B99}.Release|Any CPU.ActiveCfg = Release|Any CPU
		{41E01A57-E9EA-4808-8A86-03DB827E9B99}.Release|Any CPU.Build.0 = Release|Any CPU
		{ED4CFDAA-E93F-45BE-8935-321D3FF4C81B}.Debug|Any CPU.ActiveCfg = Debug|Any CPU
		{ED4CFDAA-E93F-45BE-8935-321D3FF4C81B}.Debug|Any CPU.Build.0 = Debug|Any CPU
		{ED4CFDAA-E93F-45BE-8935-321D3FF4C81B}.Release|Any CPU.ActiveCfg = Release|Any CPU
		{ED4CFDAA-E93F-45BE-8935-321D3FF4C81B}.Release|Any CPU.Build.0 = Release|Any CPU
		{005A6742-93BB-444E-B657-DC22476CE024}.Debug|Any CPU.ActiveCfg = Debug|Any CPU
		{005A6742-93BB-444E-B657-DC22476CE024}.Debug|Any CPU.Build.0 = Debug|Any CPU
		{005A6742-93BB-444E-B657-DC22476CE024}.Release|Any CPU.ActiveCfg = Release|Any CPU
		{005A6742-93BB-444E-B657-DC22476CE024}.Release|Any CPU.Build.0 = Release|Any CPU
		{2976E625-9C9C-4DB4-A45A-8882729F8495}.Debug|Any CPU.ActiveCfg = Debug|Any CPU
		{2976E625-9C9C-4DB4-A45A-8882729F8495}.Debug|Any CPU.Build.0 = Debug|Any CPU
		{2976E625-9C9C-4DB4-A45A-8882729F8495}.Release|Any CPU.ActiveCfg = Release|Any CPU
		{2976E625-9C9C-4DB4-A45A-8882729F8495}.Release|Any CPU.Build.0 = Release|Any CPU
		{B9591B92-5C62-405E-8340-20F12CE0223E}.Debug|Any CPU.ActiveCfg = Debug|Any CPU
		{B9591B92-5C62-405E-8340-20F12CE0223E}.Debug|Any CPU.Build.0 = Debug|Any CPU
		{B9591B92-5C62-405E-8340-20F12CE0223E}.Release|Any CPU.ActiveCfg = Release|Any CPU
		{B9591B92-5C62-405E-8340-20F12CE0223E}.Release|Any CPU.Build.0 = Release|Any CPU
	EndGlobalSection
	GlobalSection(SolutionProperties) = preSolution
		HideSolutionNode = FALSE
	EndGlobalSection
	GlobalSection(NestedProjects) = preSolution
		{1324F96C-6855-40F5-9DB7-AB93EFFF6FB3} = {D3BC2D65-2118-4EC9-A67C-928C6D160CE3}
		{E21A1D7E-FBBB-4B3E-A9AC-395F828F8F1C} = {D3BC2D65-2118-4EC9-A67C-928C6D160CE3}
		{DADB5B75-B3FF-4C07-85BC-BBBEE87B0B7A} = {1324F96C-6855-40F5-9DB7-AB93EFFF6FB3}
		{60C35C1F-2184-4CB1-BF71-B5F44A280441} = {CA4252C0-D79E-4C09-889B-36182A4C0522}
		{B192F5A4-1314-4E83-A44A-63BEF50692EE} = {E21A1D7E-FBBB-4B3E-A9AC-395F828F8F1C}
		{7A2B2313-DB13-419C-A0D5-B2084D696583} = {E21A1D7E-FBBB-4B3E-A9AC-395F828F8F1C}
		{25DE957A-C4A9-4293-9DA2-CFC42EFC06AD} = {E21A1D7E-FBBB-4B3E-A9AC-395F828F8F1C}
		{EDDC2BC8-6002-43B7-905F-7B3C14C9F369} = {E21A1D7E-FBBB-4B3E-A9AC-395F828F8F1C}
		{39C55D3F-B55B-43A5-93C8-C5A37BB7CCC1} = {E21A1D7E-FBBB-4B3E-A9AC-395F828F8F1C}
		{3E433BB5-B697-499A-B3F9-816124FD6DA9} = {E21A1D7E-FBBB-4B3E-A9AC-395F828F8F1C}
		{46417EB3-42D9-4903-919A-E82CF598E77E} = {E21A1D7E-FBBB-4B3E-A9AC-395F828F8F1C}
		{58E3AF4C-14F9-4A1F-8708-30EBC6C3D28E} = {E21A1D7E-FBBB-4B3E-A9AC-395F828F8F1C}
	EndGlobalSection
	GlobalSection(ExtensibilityGlobals) = postSolution
		SolutionGuid = {154D41D2-82B5-4A29-931E-63AA3EC96588}
	EndGlobalSection
EndGlobal
